// !$*UTF8*$!
{
	archiveVersion = 1;
	classes = {
	};
	objectVersion = 77;
	objects = {

/* Begin PBXBuildFile section */
		01A5CA2C60379F128F01957A /* ShelfCameraContainer.swift in Sources */ = {isa = PBXBuildFile; fileRef = 458A6CD3BBDA041B75801F97 /* ShelfCameraContainer.swift */; };
		06D676099DB7DBBB76B8C41D /* RootView.swift in Sources */ = {isa = PBXBuildFile; fileRef = 389E41DB3F4CA92F31EC105B /* RootView.swift */; };
		107526297493CEC5A2388720 /* ShelfPassView.swift in Sources */ = {isa = PBXBuildFile; fileRef = 7AC6429C1CE32DF6750D9A09 /* ShelfPassView.swift */; };
		1F13171D603809AED9D252C9 /* RoomCaptureContainer.swift in Sources */ = {isa = PBXBuildFile; fileRef = 8B7CA864A25DCD9232388B09 /* RoomCaptureContainer.swift */; };
		2250F04C823B49975660A454 /* PackagePreviewView.swift in Sources */ = {isa = PBXBuildFile; fileRef = 9CA3E3171F4FBD156129CF23 /* PackagePreviewView.swift */; };
		23CB2C2671405F7E460DB5A9 /* AudioNoteRecorder.swift in Sources */ = {isa = PBXBuildFile; fileRef = 11FE8BC54349F2BDC33F6351 /* AudioNoteRecorder.swift */; };
		32FF30380A5446D6967D8677 /* DeviceCheckService.swift in Sources */ = {isa = PBXBuildFile; fileRef = 843442AA8496CF71010E8750 /* DeviceCheckService.swift */; };
		3C2DF8E4D3581EAAC0763EC0 /* LocationService.swift in Sources */ = {isa = PBXBuildFile; fileRef = 757102D4D5B886C269D47895 /* LocationService.swift */; };
		4715B7F1AFC618946CFC1980 /* MonotonicClock.swift in Sources */ = {isa = PBXBuildFile; fileRef = 26C68BCD82208FD8803E9219 /* MonotonicClock.swift */; };
		49640AA29000F3DBEFAF1B02 /* LocalNetworkPrompter.swift in Sources */ = {isa = PBXBuildFile; fileRef = 6B666F2104D2E3966DF0492F /* LocalNetworkPrompter.swift */; };
		60AE023D0ED320A111C53BDE /* JSONCoding.swift in Sources */ = {isa = PBXBuildFile; fileRef = 082CC6F89646262287DB3B7A /* JSONCoding.swift */; };
		6183DD440564177A251EC3D8 /* CapturePackageWriter.swift in Sources */ = {isa = PBXBuildFile; fileRef = 99336D79C6661AE0A60CBB06 /* CapturePackageWriter.swift */; };
		684DABD691208009A9FF03F5 /* SurveyDraftStore.swift in Sources */ = {isa = PBXBuildFile; fileRef = 4F42100972258D04116CB6B3 /* SurveyDraftStore.swift */; };
		6B67B14F5E4419302461CE3F /* RoomPlanSVGRenderer.swift in Sources */ = {isa = PBXBuildFile; fileRef = 5A97A391E71BABE79E8A649C /* RoomPlanSVGRenderer.swift */; };
		6E3DCDD7F48525DC448053D3 /* PortableRoomPlan.swift in Sources */ = {isa = PBXBuildFile; fileRef = A8376501EF4B476163B8D37D /* PortableRoomPlan.swift */; };
		7CF5E8EFDC34BCB4D02F4726 /* AppConfiguration.swift in Sources */ = {isa = PBXBuildFile; fileRef = C40BB3E7A1589954C4D0EB87 /* AppConfiguration.swift */; };
		82173908A3AA20756EB6AAD2 /* ShelfModels.swift in Sources */ = {isa = PBXBuildFile; fileRef = A9BDABD7E89F58A048D3FD4F /* ShelfModels.swift */; };
		884FAB3FFE81884BF87BB22A /* LibrarySurveyApp.swift in Sources */ = {isa = PBXBuildFile; fileRef = 977703683E802C36955738B4 /* LibrarySurveyApp.swift */; };
		89724C9FB95BCE34277E426E /* CreateSurveyView.swift in Sources */ = {isa = PBXBuildFile; fileRef = D6CAB75C1A35A43B56F251AC /* CreateSurveyView.swift */; };
		8AC7DD498471AA22B643552F /* ShelfMapView.swift in Sources */ = {isa = PBXBuildFile; fileRef = 10D267CACD1ED23A8AA22182 /* ShelfMapView.swift */; };
		9CF0AAFDEEEF5FAED3375776 /* FileHashing.swift in Sources */ = {isa = PBXBuildFile; fileRef = 21956A0227737D443A1F57B5 /* FileHashing.swift */; };
		A3BAFA535CF5BE1B3A03B99A /* Assets.xcassets in Resources */ = {isa = PBXBuildFile; fileRef = A81946E74A526F9954F97A93 /* Assets.xcassets */; };
		A5A04F7312ECEAD720D264DB /* ShelfCaptureStore.swift in Sources */ = {isa = PBXBuildFile; fileRef = EDF1750F429DD0A64CFA4B16 /* ShelfCaptureStore.swift */; };
		A5DA9AC07CE5EC166617A6F5 /* DeviceCheckView.swift in Sources */ = {isa = PBXBuildFile; fileRef = 0679AB62A14FA7F626E9C301 /* DeviceCheckView.swift */; };
		BBFC5F5F63A5C1CDEC89BF2C /* FrameSampler.swift in Sources */ = {isa = PBXBuildFile; fileRef = A0624716C2A2BD1A11D57662 /* FrameSampler.swift */; };
		CA31483B63673D5A56819A54 /* TaggedFloorPlanView.swift in Sources */ = {isa = PBXBuildFile; fileRef = 87736FCC38F49BAA19136020 /* TaggedFloorPlanView.swift */; };
		D215E2DD3727C89392C14BF7 /* RoomPassView.swift in Sources */ = {isa = PBXBuildFile; fileRef = F7034A4070A1337D36795C93 /* RoomPassView.swift */; };
		DB63B7B55715ED98823D8A22 /* SurveyModels.swift in Sources */ = {isa = PBXBuildFile; fileRef = 4D1090F51E026F6CF4745FE7 /* SurveyModels.swift */; };
		E1010DFB88F1C9144C01B9BE /* RoomCaptureStore.swift in Sources */ = {isa = PBXBuildFile; fileRef = ACA363AEF087E903C0E42ACE /* RoomCaptureStore.swift */; };
		E42397EA59F1F142AFEA71A3 /* LiveQualityAnalyzer.swift in Sources */ = {isa = PBXBuildFile; fileRef = CAEA0BFA0E112ED27C0548F2 /* LiveQualityAnalyzer.swift */; };
		E9CE58286FB6A8879AB553BB /* FloorPlanLayout.swift in Sources */ = {isa = PBXBuildFile; fileRef = B364D56D3B0E3D204BBE73DF /* FloorPlanLayout.swift */; };
		F0A8F396265D3BE93E50F318 /* SurveyUploadService.swift in Sources */ = {isa = PBXBuildFile; fileRef = 8618C4199B088D97355D25A8 /* SurveyUploadService.swift */; };
/* End PBXBuildFile section */

/* Begin PBXFileReference section */
		0679AB62A14FA7F626E9C301 /* DeviceCheckView.swift */ = {isa = PBXFileReference; lastKnownFileType = sourcecode.swift; path = DeviceCheckView.swift; sourceTree = "<group>"; };
		082CC6F89646262287DB3B7A /* JSONCoding.swift */ = {isa = PBXFileReference; lastKnownFileType = sourcecode.swift; path = JSONCoding.swift; sourceTree = "<group>"; };
		10D267CACD1ED23A8AA22182 /* ShelfMapView.swift */ = {isa = PBXFileReference; lastKnownFileType = sourcecode.swift; path = ShelfMapView.swift; sourceTree = "<group>"; };
		11FE8BC54349F2BDC33F6351 /* AudioNoteRecorder.swift */ = {isa = PBXFileReference; lastKnownFileType = sourcecode.swift; path = AudioNoteRecorder.swift; sourceTree = "<group>"; };
		21956A0227737D443A1F57B5 /* FileHashing.swift */ = {isa = PBXFileReference; lastKnownFileType = sourcecode.swift; path = FileHashing.swift; sourceTree = "<group>"; };
		26C68BCD82208FD8803E9219 /* MonotonicClock.swift */ = {isa = PBXFileReference; lastKnownFileType = sourcecode.swift; path = MonotonicClock.swift; sourceTree = "<group>"; };
		389E41DB3F4CA92F31EC105B /* RootView.swift */ = {isa = PBXFileReference; lastKnownFileType = sourcecode.swift; path = RootView.swift; sourceTree = "<group>"; };
		458A6CD3BBDA041B75801F97 /* ShelfCameraContainer.swift */ = {isa = PBXFileReference; lastKnownFileType = sourcecode.swift; path = ShelfCameraContainer.swift; sourceTree = "<group>"; };
		4D1090F51E026F6CF4745FE7 /* SurveyModels.swift */ = {isa = PBXFileReference; lastKnownFileType = sourcecode.swift; path = SurveyModels.swift; sourceTree = "<group>"; };
		4F42100972258D04116CB6B3 /* SurveyDraftStore.swift */ = {isa = PBXFileReference; lastKnownFileType = sourcecode.swift; path = SurveyDraftStore.swift; sourceTree = "<group>"; };
		5A97A391E71BABE79E8A649C /* RoomPlanSVGRenderer.swift */ = {isa = PBXFileReference; lastKnownFileType = sourcecode.swift; path = RoomPlanSVGRenderer.swift; sourceTree = "<group>"; };
		6B666F2104D2E3966DF0492F /* LocalNetworkPrompter.swift */ = {isa = PBXFileReference; lastKnownFileType = sourcecode.swift; path = LocalNetworkPrompter.swift; sourceTree = "<group>"; };
		757102D4D5B886C269D47895 /* LocationService.swift */ = {isa = PBXFileReference; lastKnownFileType = sourcecode.swift; path = LocationService.swift; sourceTree = "<group>"; };
		7AC6429C1CE32DF6750D9A09 /* ShelfPassView.swift */ = {isa = PBXFileReference; lastKnownFileType = sourcecode.swift; path = ShelfPassView.swift; sourceTree = "<group>"; };
		843442AA8496CF71010E8750 /* DeviceCheckService.swift */ = {isa = PBXFileReference; lastKnownFileType = sourcecode.swift; path = DeviceCheckService.swift; sourceTree = "<group>"; };
		8618C4199B088D97355D25A8 /* SurveyUploadService.swift */ = {isa = PBXFileReference; lastKnownFileType = sourcecode.swift; path = SurveyUploadService.swift; sourceTree = "<group>"; };
		87736FCC38F49BAA19136020 /* TaggedFloorPlanView.swift */ = {isa = PBXFileReference; lastKnownFileType = sourcecode.swift; path = TaggedFloorPlanView.swift; sourceTree = "<group>"; };
		8B7CA864A25DCD9232388B09 /* RoomCaptureContainer.swift */ = {isa = PBXFileReference; lastKnownFileType = sourcecode.swift; path = RoomCaptureContainer.swift; sourceTree = "<group>"; };
		977703683E802C36955738B4 /* LibrarySurveyApp.swift */ = {isa = PBXFileReference; lastKnownFileType = sourcecode.swift; path = LibrarySurveyApp.swift; sourceTree = "<group>"; };
		99336D79C6661AE0A60CBB06 /* CapturePackageWriter.swift */ = {isa = PBXFileReference; lastKnownFileType = sourcecode.swift; path = CapturePackageWriter.swift; sourceTree = "<group>"; };
		9A75896AF74FAE758ACD0681 /* Info.plist */ = {isa = PBXFileReference; lastKnownFileType = text.plist; path = Info.plist; sourceTree = "<group>"; };
		9CA3E3171F4FBD156129CF23 /* PackagePreviewView.swift */ = {isa = PBXFileReference; lastKnownFileType = sourcecode.swift; path = PackagePreviewView.swift; sourceTree = "<group>"; };
		A0624716C2A2BD1A11D57662 /* FrameSampler.swift */ = {isa = PBXFileReference; lastKnownFileType = sourcecode.swift; path = FrameSampler.swift; sourceTree = "<group>"; };
		A81946E74A526F9954F97A93 /* Assets.xcassets */ = {isa = PBXFileReference; lastKnownFileType = folder.assetcatalog; path = Assets.xcassets; sourceTree = "<group>"; };
		A8376501EF4B476163B8D37D /* PortableRoomPlan.swift */ = {isa = PBXFileReference; lastKnownFileType = sourcecode.swift; path = PortableRoomPlan.swift; sourceTree = "<group>"; };
		A9BDABD7E89F58A048D3FD4F /* ShelfModels.swift */ = {isa = PBXFileReference; lastKnownFileType = sourcecode.swift; path = ShelfModels.swift; sourceTree = "<group>"; };
		ACA363AEF087E903C0E42ACE /* RoomCaptureStore.swift */ = {isa = PBXFileReference; lastKnownFileType = sourcecode.swift; path = RoomCaptureStore.swift; sourceTree = "<group>"; };
		B364D56D3B0E3D204BBE73DF /* FloorPlanLayout.swift */ = {isa = PBXFileReference; lastKnownFileType = sourcecode.swift; path = FloorPlanLayout.swift; sourceTree = "<group>"; };
		BB3AC545ECC81570B79CEF67 /* LibrarySurvey.app */ = {isa = PBXFileReference; includeInIndex = 0; lastKnownFileType = wrapper.application; path = LibrarySurvey.app; sourceTree = BUILT_PRODUCTS_DIR; };
		C40BB3E7A1589954C4D0EB87 /* AppConfiguration.swift */ = {isa = PBXFileReference; lastKnownFileType = sourcecode.swift; path = AppConfiguration.swift; sourceTree = "<group>"; };
		CAEA0BFA0E112ED27C0548F2 /* LiveQualityAnalyzer.swift */ = {isa = PBXFileReference; lastKnownFileType = sourcecode.swift; path = LiveQualityAnalyzer.swift; sourceTree = "<group>"; };
		D6CAB75C1A35A43B56F251AC /* CreateSurveyView.swift */ = {isa = PBXFileReference; lastKnownFileType = sourcecode.swift; path = CreateSurveyView.swift; sourceTree = "<group>"; };
		EDF1750F429DD0A64CFA4B16 /* ShelfCaptureStore.swift */ = {isa = PBXFileReference; lastKnownFileType = sourcecode.swift; path = ShelfCaptureStore.swift; sourceTree = "<group>"; };
		F7034A4070A1337D36795C93 /* RoomPassView.swift */ = {isa = PBXFileReference; lastKnownFileType = sourcecode.swift; path = RoomPassView.swift; sourceTree = "<group>"; };
/* End PBXFileReference section */

/* Begin PBXGroup section */
		2C8CAFA4E0D1BBB5BF527A70 /* App */ = {
			isa = PBXGroup;
			children = (
				977703683E802C36955738B4 /* LibrarySurveyApp.swift */,
			);
			path = App;
			sourceTree = "<group>";
		};
		340C6F6C37E62A8D74C8A2B4 /* Config */ = {
			isa = PBXGroup;
			children = (
				C40BB3E7A1589954C4D0EB87 /* AppConfiguration.swift */,
			);
			path = Config;
			sourceTree = "<group>";
		};
		3F3A9190CC4AB011BC778100 /* Services */ = {
			isa = PBXGroup;
			children = (
				11FE8BC54349F2BDC33F6351 /* AudioNoteRecorder.swift */,
				843442AA8496CF71010E8750 /* DeviceCheckService.swift */,
				6B666F2104D2E3966DF0492F /* LocalNetworkPrompter.swift */,
				757102D4D5B886C269D47895 /* LocationService.swift */,
				4F42100972258D04116CB6B3 /* SurveyDraftStore.swift */,
				8618C4199B088D97355D25A8 /* SurveyUploadService.swift */,
			);
			path = Services;
			sourceTree = "<group>";
		};
		77843D2D4BBF34018C93AEC7 /* Export */ = {
			isa = PBXGroup;
			children = (
				99336D79C6661AE0A60CBB06 /* CapturePackageWriter.swift */,
				B364D56D3B0E3D204BBE73DF /* FloorPlanLayout.swift */,
				A8376501EF4B476163B8D37D /* PortableRoomPlan.swift */,
				5A97A391E71BABE79E8A649C /* RoomPlanSVGRenderer.swift */,
			);
			path = Export;
			sourceTree = "<group>";
		};
		87CBE00067F57FBF94AD572F = {
			isa = PBXGroup;
			children = (
				E0B57E7B37DDAB610DEE07A7 /* LibrarySurvey */,
				C0EAF05221BAD1DF6C4E256A /* Products */,
			);
			sourceTree = "<group>";
		};
		9A9C3D868233DEAE652B0E3D /* Capture */ = {
			isa = PBXGroup;
			children = (
				A0624716C2A2BD1A11D57662 /* FrameSampler.swift */,
				CAEA0BFA0E112ED27C0548F2 /* LiveQualityAnalyzer.swift */,
				8B7CA864A25DCD9232388B09 /* RoomCaptureContainer.swift */,
				ACA363AEF087E903C0E42ACE /* RoomCaptureStore.swift */,
				458A6CD3BBDA041B75801F97 /* ShelfCameraContainer.swift */,
				EDF1750F429DD0A64CFA4B16 /* ShelfCaptureStore.swift */,
			);
			path = Capture;
			sourceTree = "<group>";
		};
		9F476B1D2AA86EA5F686D1E8 /* Models */ = {
			isa = PBXGroup;
			children = (
				A9BDABD7E89F58A048D3FD4F /* ShelfModels.swift */,
				4D1090F51E026F6CF4745FE7 /* SurveyModels.swift */,
			);
			path = Models;
			sourceTree = "<group>";
		};
		AC0B0CAEF3F364EB80A395C3 /* Views */ = {
			isa = PBXGroup;
			children = (
				D6CAB75C1A35A43B56F251AC /* CreateSurveyView.swift */,
				0679AB62A14FA7F626E9C301 /* DeviceCheckView.swift */,
				9CA3E3171F4FBD156129CF23 /* PackagePreviewView.swift */,
				F7034A4070A1337D36795C93 /* RoomPassView.swift */,
				389E41DB3F4CA92F31EC105B /* RootView.swift */,
				10D267CACD1ED23A8AA22182 /* ShelfMapView.swift */,
				7AC6429C1CE32DF6750D9A09 /* ShelfPassView.swift */,
				87736FCC38F49BAA19136020 /* TaggedFloorPlanView.swift */,
			);
			path = Views;
			sourceTree = "<group>";
		};
		C0EAF05221BAD1DF6C4E256A /* Products */ = {
			isa = PBXGroup;
			children = (
				BB3AC545ECC81570B79CEF67 /* LibrarySurvey.app */,
			);
			name = Products;
			sourceTree = "<group>";
		};
		C4F143B167ECF81B14C5E053 /* Utilities */ = {
			isa = PBXGroup;
			children = (
				21956A0227737D443A1F57B5 /* FileHashing.swift */,
				082CC6F89646262287DB3B7A /* JSONCoding.swift */,
				26C68BCD82208FD8803E9219 /* MonotonicClock.swift */,
			);
			path = Utilities;
			sourceTree = "<group>";
		};
		E0B57E7B37DDAB610DEE07A7 /* LibrarySurvey */ = {
			isa = PBXGroup;
			children = (
				2C8CAFA4E0D1BBB5BF527A70 /* App */,
				9A9C3D868233DEAE652B0E3D /* Capture */,
				340C6F6C37E62A8D74C8A2B4 /* Config */,
				77843D2D4BBF34018C93AEC7 /* Export */,
				9F476B1D2AA86EA5F686D1E8 /* Models */,
				E7493102B5D758D6BE671F1F /* Resources */,
				3F3A9190CC4AB011BC778100 /* Services */,
				C4F143B167ECF81B14C5E053 /* Utilities */,
				AC0B0CAEF3F364EB80A395C3 /* Views */,
			);
			path = LibrarySurvey;
			sourceTree = "<group>";
		};
		E7493102B5D758D6BE671F1F /* Resources */ = {
			isa = PBXGroup;
			children = (
				A81946E74A526F9954F97A93 /* Assets.xcassets */,
				9A75896AF74FAE758ACD0681 /* Info.plist */,
			);
			path = Resources;
			sourceTree = "<group>";
		};
/* End PBXGroup section */

/* Begin PBXNativeTarget section */
		BC5365C2D103C37C6AFE9F8E /* LibrarySurvey */ = {
			isa = PBXNativeTarget;
			buildConfigurationList = BED7AA43C07712389D64EB49 /* Build configuration list for PBXNativeTarget "LibrarySurvey" */;
			buildPhases = (
				CEEE3CC276BCCFFCBD7C1BFD /* Sources */,
				2DFB45D39F76BFE546B48B6B /* Resources */,
			);
			buildRules = (
			);
			dependencies = (
			);
			name = LibrarySurvey;
			packageProductDependencies = (
			);
			productName = LibrarySurvey;
			productReference = BB3AC545ECC81570B79CEF67 /* LibrarySurvey.app */;
			productType = "com.apple.product-type.application";
		};
/* End PBXNativeTarget section */

/* Begin PBXProject section */
		52ED50F4002A0F084E13020D /* Project object */ = {
			isa = PBXProject;
			attributes = {
				BuildIndependentTargetsInParallel = YES;
				LastUpgradeCheck = 1430;
				TargetAttributes = {
					BC5365C2D103C37C6AFE9F8E = {
						DevelopmentTeam = PH4KQ4LY92;
						ProvisioningStyle = Automatic;
					};
				};
			};
			buildConfigurationList = 54AA8FDA99E087C3A84463A8 /* Build configuration list for PBXProject "LibrarySurvey" */;
			developmentRegion = en;
			hasScannedForEncodings = 0;
			knownRegions = (
				Base,
				en,
			);
			mainGroup = 87CBE00067F57FBF94AD572F;
			minimizedProjectReferenceProxies = 1;
			preferredProjectObjectVersion = 77;
			productRefGroup = C0EAF05221BAD1DF6C4E256A /* Products */;
			projectDirPath = "";
			projectRoot = "";
			targets = (
				BC5365C2D103C37C6AFE9F8E /* LibrarySurvey */,
			);
		};
/* End PBXProject section */

/* Begin PBXResourcesBuildPhase section */
		2DFB45D39F76BFE546B48B6B /* Resources */ = {
			isa = PBXResourcesBuildPhase;
			buildActionMask = 2147483647;
			files = (
				A3BAFA535CF5BE1B3A03B99A /* Assets.xcassets in Resources */,
			);
			runOnlyForDeploymentPostprocessing = 0;
		};
/* End PBXResourcesBuildPhase section */

/* Begin PBXSourcesBuildPhase section */
		CEEE3CC276BCCFFCBD7C1BFD /* Sources */ = {
			isa = PBXSourcesBuildPhase;
			buildActionMask = 2147483647;
			files = (
				7CF5E8EFDC34BCB4D02F4726 /* AppConfiguration.swift in Sources */,
				23CB2C2671405F7E460DB5A9 /* AudioNoteRecorder.swift in Sources */,
				6183DD440564177A251EC3D8 /* CapturePackageWriter.swift in Sources */,
				89724C9FB95BCE34277E426E /* CreateSurveyView.swift in Sources */,
				32FF30380A5446D6967D8677 /* DeviceCheckService.swift in Sources */,
				A5DA9AC07CE5EC166617A6F5 /* DeviceCheckView.swift in Sources */,
				9CF0AAFDEEEF5FAED3375776 /* FileHashing.swift in Sources */,
				E9CE58286FB6A8879AB553BB /* FloorPlanLayout.swift in Sources */,
				BBFC5F5F63A5C1CDEC89BF2C /* FrameSampler.swift in Sources */,
				60AE023D0ED320A111C53BDE /* JSONCoding.swift in Sources */,
				884FAB3FFE81884BF87BB22A /* LibrarySurveyApp.swift in Sources */,
				E42397EA59F1F142AFEA71A3 /* LiveQualityAnalyzer.swift in Sources */,
				49640AA29000F3DBEFAF1B02 /* LocalNetworkPrompter.swift in Sources */,
				3C2DF8E4D3581EAAC0763EC0 /* LocationService.swift in Sources */,
				4715B7F1AFC618946CFC1980 /* MonotonicClock.swift in Sources */,
				2250F04C823B49975660A454 /* PackagePreviewView.swift in Sources */,
				6E3DCDD7F48525DC448053D3 /* PortableRoomPlan.swift in Sources */,
				1F13171D603809AED9D252C9 /* RoomCaptureContainer.swift in Sources */,
				E1010DFB88F1C9144C01B9BE /* RoomCaptureStore.swift in Sources */,
				D215E2DD3727C89392C14BF7 /* RoomPassView.swift in Sources */,
				6B67B14F5E4419302461CE3F /* RoomPlanSVGRenderer.swift in Sources */,
				06D676099DB7DBBB76B8C41D /* RootView.swift in Sources */,
				01A5CA2C60379F128F01957A /* ShelfCameraContainer.swift in Sources */,
				A5A04F7312ECEAD720D264DB /* ShelfCaptureStore.swift in Sources */,
				8AC7DD498471AA22B643552F /* ShelfMapView.swift in Sources */,
				82173908A3AA20756EB6AAD2 /* ShelfModels.swift in Sources */,
				107526297493CEC5A2388720 /* ShelfPassView.swift in Sources */,
				684DABD691208009A9FF03F5 /* SurveyDraftStore.swift in Sources */,
				DB63B7B55715ED98823D8A22 /* SurveyModels.swift in Sources */,
				F0A8F396265D3BE93E50F318 /* SurveyUploadService.swift in Sources */,
				CA31483B63673D5A56819A54 /* TaggedFloorPlanView.swift in Sources */,
			);
			runOnlyForDeploymentPostprocessing = 0;
		};
/* End PBXSourcesBuildPhase section */

/* Begin XCBuildConfiguration section */
		34BC1E2F32B0C43DCD4175EA /* Release */ = {
			isa = XCBuildConfiguration;
			buildSettings = {
				ALWAYS_SEARCH_USER_PATHS = NO;
				CLANG_ANALYZER_NONNULL = YES;
				CLANG_ANALYZER_NUMBER_OBJECT_CONVERSION = YES_AGGRESSIVE;
				CLANG_CXX_LANGUAGE_STANDARD = "gnu++14";
				CLANG_CXX_LIBRARY = "libc++";
				CLANG_ENABLE_MODULES = YES;
				CLANG_ENABLE_OBJC_ARC = YES;
				CLANG_ENABLE_OBJC_WEAK = YES;
				CLANG_WARN_BLOCK_CAPTURE_AUTORELEASING = YES;
				CLANG_WARN_BOOL_CONVERSION = YES;
				CLANG_WARN_COMMA = YES;
				CLANG_WARN_CONSTANT_CONVERSION = YES;
				CLANG_WARN_DEPRECATED_OBJC_IMPLEMENTATIONS = YES;
				CLANG_WARN_DIRECT_OBJC_ISA_USAGE = YES_ERROR;
				CLANG_WARN_DOCUMENTATION_COMMENTS = YES;
				CLANG_WARN_EMPTY_BODY = YES;
				CLANG_WARN_ENUM_CONVERSION = YES;
				CLANG_WARN_INFINITE_RECURSION = YES;
				CLANG_WARN_INT_CONVERSION = YES;
				CLANG_WARN_NON_LITERAL_NULL_CONVERSION = YES;
				CLANG_WARN_OBJC_IMPLICIT_RETAIN_SELF = YES;
				CLANG_WARN_OBJC_LITERAL_CONVERSION = YES;
				CLANG_WARN_OBJC_ROOT_CLASS = YES_ERROR;
				CLANG_WARN_QUOTED_INCLUDE_IN_FRAMEWORK_HEADER = YES;
				CLANG_WARN_RANGE_LOOP_ANALYSIS = YES;
				CLANG_WARN_STRICT_PROTOTYPES = YES;
				CLANG_WARN_SUSPICIOUS_MOVE = YES;
				CLANG_WARN_UNGUARDED_AVAILABILITY = YES_AGGRESSIVE;
				CLANG_WARN_UNREACHABLE_CODE = YES;
				CLANG_WARN__DUPLICATE_METHOD_MATCH = YES;
				CODE_SIGN_IDENTITY = "Apple Development";
				CODE_SIGN_STYLE = Automatic;
				COPY_PHASE_STRIP = NO;
				DEBUG_INFORMATION_FORMAT = "dwarf-with-dsym";
				DEVELOPMENT_TEAM = PH4KQ4LY92;
				ENABLE_NS_ASSERTIONS = NO;
				ENABLE_STRICT_OBJC_MSGSEND = YES;
				GCC_C_LANGUAGE_STANDARD = gnu11;
				GCC_NO_COMMON_BLOCKS = YES;
				GCC_WARN_64_TO_32_BIT_CONVERSION = YES;
				GCC_WARN_ABOUT_RETURN_TYPE = YES_ERROR;
				GCC_WARN_UNDECLARED_SELECTOR = YES;
				GCC_WARN_UNINITIALIZED_AUTOS = YES_AGGRESSIVE;
				GCC_WARN_UNUSED_FUNCTION = YES;
				GCC_WARN_UNUSED_VARIABLE = YES;
				IPHONEOS_DEPLOYMENT_TARGET = 17.0;
				MTL_ENABLE_DEBUG_INFO = NO;
				MTL_FAST_MATH = YES;
				PRODUCT_NAME = "$(TARGET_NAME)";
				SDKROOT = iphoneos;
				SWIFT_COMPILATION_MODE = wholemodule;
				SWIFT_OPTIMIZATION_LEVEL = "-O";
				SWIFT_VERSION = 5.0;
			};
			name = Release;
		};
		4D52DBCD810A0BB243AFAF2B /* Release */ = {
			isa = XCBuildConfiguration;
			buildSettings = {
				ASSETCATALOG_COMPILER_APPICON_NAME = AppIcon;
				CODE_SIGN_IDENTITY = "iPhone Developer";
				GENERATE_INFOPLIST_FILE = NO;
				INFOPLIST_FILE = LibrarySurvey/Resources/Info.plist;
				LD_RUNPATH_SEARCH_PATHS = (
					"$(inherited)",
					"@executable_path/Frameworks",
				);
				PRODUCT_BUNDLE_IDENTIFIER = dev.harshsinha.LibrarySurvey;
				PRODUCT_NAME = LibrarySurvey;
				SDKROOT = iphoneos;
				SUPPORTS_MACCATALYST = NO;
				TARGETED_DEVICE_FAMILY = "1,2";
			};
			name = Release;
		};
		9EB4175E5C352709D5635866 /* Debug */ = {
			isa = XCBuildConfiguration;
			buildSettings = {
				ASSETCATALOG_COMPILER_APPICON_NAME = AppIcon;
				CODE_SIGN_IDENTITY = "iPhone Developer";
				GENERATE_INFOPLIST_FILE = NO;
				INFOPLIST_FILE = LibrarySurvey/Resources/Info.plist;
				LD_RUNPATH_SEARCH_PATHS = (
					"$(inherited)",
					"@executable_path/Frameworks",
				);
				PRODUCT_BUNDLE_IDENTIFIER = dev.harshsinha.LibrarySurvey;
				PRODUCT_NAME = LibrarySurvey;
				SDKROOT = iphoneos;
				SUPPORTS_MACCATALYST = NO;
				TARGETED_DEVICE_FAMILY = "1,2";
			};
			name = Debug;
		};
		F13B024668F6C3CE0D88B78E /* Debug */ = {
			isa = XCBuildConfiguration;
			buildSettings = {
				ALWAYS_SEARCH_USER_PATHS = NO;
				CLANG_ANALYZER_NONNULL = YES;
				CLANG_ANALYZER_NUMBER_OBJECT_CONVERSION = YES_AGGRESSIVE;
				CLANG_CXX_LANGUAGE_STANDARD = "gnu++14";
				CLANG_CXX_LIBRARY = "libc++";
				CLANG_ENABLE_MODULES = YES;
				CLANG_ENABLE_OBJC_ARC = YES;
				CLANG_ENABLE_OBJC_WEAK = YES;
				CLANG_WARN_BLOCK_CAPTURE_AUTORELEASING = YES;
				CLANG_WARN_BOOL_CONVERSION = YES;
				CLANG_WARN_COMMA = YES;
				CLANG_WARN_CONSTANT_CONVERSION = YES;
				CLANG_WARN_DEPRECATED_OBJC_IMPLEMENTATIONS = YES;
				CLANG_WARN_DIRECT_OBJC_ISA_USAGE = YES_ERROR;
				CLANG_WARN_DOCUMENTATION_COMMENTS = YES;
				CLANG_WARN_EMPTY_BODY = YES;
				CLANG_WARN_ENUM_CONVERSION = YES;
				CLANG_WARN_INFINITE_RECURSION = YES;
				CLANG_WARN_INT_CONVERSION = YES;
				CLANG_WARN_NON_LITERAL_NULL_CONVERSION = YES;
				CLANG_WARN_OBJC_IMPLICIT_RETAIN_SELF = YES;
				CLANG_WARN_OBJC_LITERAL_CONVERSION = YES;
				CLANG_WARN_OBJC_ROOT_CLASS = YES_ERROR;
				CLANG_WARN_QUOTED_INCLUDE_IN_FRAMEWORK_HEADER = YES;
				CLANG_WARN_RANGE_LOOP_ANALYSIS = YES;
				CLANG_WARN_STRICT_PROTOTYPES = YES;
				CLANG_WARN_SUSPICIOUS_MOVE = YES;
				CLANG_WARN_UNGUARDED_AVAILABILITY = YES_AGGRESSIVE;
				CLANG_WARN_UNREACHABLE_CODE = YES;
				CLANG_WARN__DUPLICATE_METHOD_MATCH = YES;
				CODE_SIGN_IDENTITY = "Apple Development";
				CODE_SIGN_STYLE = Automatic;
				COPY_PHASE_STRIP = NO;
				DEBUG_INFORMATION_FORMAT = dwarf;
				DEVELOPMENT_TEAM = PH4KQ4LY92;
				ENABLE_STRICT_OBJC_MSGSEND = YES;
				ENABLE_TESTABILITY = YES;
				GCC_C_LANGUAGE_STANDARD = gnu11;
				GCC_DYNAMIC_NO_PIC = NO;
				GCC_NO_COMMON_BLOCKS = YES;
				GCC_OPTIMIZATION_LEVEL = 0;
				GCC_PREPROCESSOR_DEFINITIONS = (
					"$(inherited)",
					"DEBUG=1",
				);
				GCC_WARN_64_TO_32_BIT_CONVERSION = YES;
				GCC_WARN_ABOUT_RETURN_TYPE = YES_ERROR;
				GCC_WARN_UNDECLARED_SELECTOR = YES;
				GCC_WARN_UNINITIALIZED_AUTOS = YES_AGGRESSIVE;
				GCC_WARN_UNUSED_FUNCTION = YES;
				GCC_WARN_UNUSED_VARIABLE = YES;
				IPHONEOS_DEPLOYMENT_TARGET = 17.0;
				MTL_ENABLE_DEBUG_INFO = INCLUDE_SOURCE;
				MTL_FAST_MATH = YES;
				ONLY_ACTIVE_ARCH = YES;
				PRODUCT_NAME = "$(TARGET_NAME)";
				SDKROOT = iphoneos;
				SWIFT_ACTIVE_COMPILATION_CONDITIONS = DEBUG;
				SWIFT_OPTIMIZATION_LEVEL = "-Onone";
				SWIFT_VERSION = 5.0;
			};
			name = Debug;
		};
/* End XCBuildConfiguration section */

/* Begin XCConfigurationList section */
		54AA8FDA99E087C3A84463A8 /* Build configuration list for PBXProject "LibrarySurvey" */ = {
			isa = XCConfigurationList;
			buildConfigurations = (
				F13B024668F6C3CE0D88B78E /* Debug */,
				34BC1E2F32B0C43DCD4175EA /* Release */,
			);
			defaultConfigurationIsVisible = 0;
			defaultConfigurationName = Debug;
		};
		BED7AA43C07712389D64EB49 /* Build configuration list for PBXNativeTarget "LibrarySurvey" */ = {
			isa = XCConfigurationList;
			buildConfigurations = (
				9EB4175E5C352709D5635866 /* Debug */,
				4D52DBCD810A0BB243AFAF2B /* Release */,
			);
			defaultConfigurationIsVisible = 0;
			defaultConfigurationName = Debug;
		};
/* End XCConfigurationList section */
	};
	rootObject = 52ED50F4002A0F084E13020D /* Project object */;
}
